
Microsoft Visual Studio Solution File, Format Version 12.00
# Visual Studio Version 16
VisualStudioVersion = 16.0.29215.179
MinimumVisualStudioVersion = 10.0.40219.1
Project("{FAE04EC0-301F-11D3-BF4B-00C04F79EFBC}") = "Bell", "Bell\Bell.csproj", "{C5619773-4CD9-4333-82B9-ABDA24C68311}"
EndProject
Global
	GlobalSection(SolutionConfigurationPlatforms) = preSolution
		Debug|Any CPU = Debug|Any CPU
		Release|Any CPU = Release|Any CPU
	EndGlobalSection
	GlobalSection(ProjectConfigurationPlatforms) = postSolution
		{C5619773-4CD9-4333-82B9-ABDA24C68311}.Debug|Any CPU.ActiveCfg = Debug|Any CPU
		{C5619773-4CD9-4333-82B9-ABDA24C68311}.Debug|Any CPU.Build.0 = Debug|Any CPU
		{C5619773-4CD9-4333-82B9-ABDA24C68311}.Release|Any CPU.ActiveCfg = Release|Any CPU
		{C5619773-4CD9-4333-82B9-ABDA24C68311}.Release|Any CPU.Build.0 = Release|Any CPU
	EndGlobalSection
	GlobalSection(SolutionProperties) = preSolution
		HideSolutionNode = FALSE
	EndGlobalSection
	GlobalSection(ExtensibilityGlobals) = postSolution
		SolutionGuid = {B0BF2ECB-3438-47ED-B754-04BDAD6E3CB4}
	EndGlobalSection
EndGlobal
